// !$*UTF8*$!
{
	archiveVersion = 1;
	classes = {
	};
	objectVersion = 46;
	objects = {

/* Begin PBXBuildFile section */
		FBABBF301E7E70F100475F1E /* AppDelegate.swift in Sources */ = {isa = PBXBuildFile; fileRef = FBABBF2F1E7E70F100475F1E /* AppDelegate.swift */; };
		FBABBF321E7E70F100475F1E /* ViewController.swift in Sources */ = {isa = PBXBuildFile; fileRef = FBABBF311E7E70F100475F1E /* ViewController.swift */; };
		FBABBF351E7E70F100475F1E /* Main.storyboard in Resources */ = {isa = PBXBuildFile; fileRef = FBABBF331E7E70F100475F1E /* Main.storyboard */; };
		FBABBF381E7E70F200475F1E /* Map.xcdatamodeld in Sources */ = {isa = PBXBuildFile; fileRef = FBABBF361E7E70F200475F1E /* Map.xcdatamodeld */; };
		FBABBF3A1E7E70F200475F1E /* Assets.xcassets in Resources */ = {isa = PBXBuildFile; fileRef = FBABBF391E7E70F200475F1E /* Assets.xcassets */; };
		FBABBF3D1E7E70F200475F1E /* LaunchScreen.storyboard in Resources */ = {isa = PBXBuildFile; fileRef = FBABBF3B1E7E70F200475F1E /* LaunchScreen.storyboard */; };
		FBABBF481E7E70F200475F1E /* MapTests.swift in Sources */ = {isa = PBXBuildFile; fileRef = FBABBF471E7E70F200475F1E /* MapTests.swift */; };
/* End PBXBuildFile section */

/* Begin PBXContainerItemProxy section */
		FBABBF441E7E70F200475F1E /* PBXContainerItemProxy */ = {
			isa = PBXContainerItemProxy;
			containerPortal = FBABBF241E7E70F100475F1E /* Project object */;
			proxyType = 1;
			remoteGlobalIDString = FBABBF2B1E7E70F100475F1E;
			remoteInfo = Map;
		};
/* End PBXContainerItemProxy section */

/* Begin PBXFileReference section */
		FBABBF2C1E7E70F100475F1E /* Map.app */ = {isa = PBXFileReference; explicitFileType = wrapper.application; includeInIndex = 0; path = Map.app; sourceTree = BUILT_PRODUCTS_DIR; };
		FBABBF2F1E7E70F100475F1E /* AppDelegate.swift */ = {isa = PBXFileReference; lastKnownFileType = sourcecode.swift; path = AppDelegate.swift; sourceTree = "<group>"; };
		FBABBF311E7E70F100475F1E /* ViewController.swift */ = {isa = PBXFileReference; lastKnownFileType = sourcecode.swift; path = ViewController.swift; sourceTree = "<group>"; };
		FBABBF341E7E70F100475F1E /* Base */ = {isa = PBXFileReference; lastKnownFileType = file.storyboard; name = Base; path = Base.lproj/Main.storyboard; sourceTree = "<group>"; };
		FBABBF371E7E70F200475F1E /* Map.xcdatamodel */ = {isa = PBXFileReference; lastKnownFileType = wrapper.xcdatamodel; path = Map.xcdatamodel; sourceTree = "<group>"; };
		FBABBF391E7E70F200475F1E /* Assets.xcassets */ = {isa = PBXFileReference; lastKnownFileType = folder.assetcatalog; path = Assets.xcassets; sourceTree = "<group>"; };
		FBABBF3C1E7E70F200475F1E /* Base */ = {isa = PBXFileReference; lastKnownFileType = file.storyboard; name = Base; path = Base.lproj/LaunchScreen.storyboard; sourceTree = "<group>"; };
		FBABBF3E1E7E70F200475F1E /* Info.plist */ = {isa = PBXFileReference; lastKnownFileType = text.plist.xml; path = Info.plist; sourceTree = "<group>"; };
		FBABBF431E7E70F200475F1E /* MapTests.xctest */ = {isa = PBXFileReference; explicitFileType = wrapper.cfbundle; includeInIndex = 0; path = MapTests.xctest; sourceTree = BUILT_PRODUCTS_DIR; };
		FBABBF471E7E70F200475F1E /* MapTests.swift */ = {isa = PBXFileReference; lastKnownFileType = sourcecode.swift; path = MapTests.swift; sourceTree = "<group>"; };
		FBABBF491E7E70F200475F1E /* Info.plist */ = {isa = PBXFileReference; lastKnownFileType = text.plist.xml; path = Info.plist; sourceTree = "<group>"; };
/* End PBXFileReference section */

/* Begin PBXFrameworksBuildPhase section */
		FBABBF291E7E70F100475F1E /* Frameworks */ = {
			isa = PBXFrameworksBuildPhase;
			buildActionMask = 2147483647;
			files = (
			);
			runOnlyForDeploymentPostprocessing = 0;
		};
		FBABBF401E7E70F200475F1E /* Frameworks */ = {
			isa = PBXFrameworksBuildPhase;
			buildActionMask = 2147483647;
			files = (
			);
			runOnlyForDeploymentPostprocessing = 0;
		};
/* End PBXFrameworksBuildPhase section */

/* Begin PBXGroup section */
		FBABBF231E7E70F100475F1E = {
			isa = PBXGroup;
			children = (
				FBABBF2E1E7E70F100475F1E /* Map */,
				FBABBF461E7E70F200475F1E /* MapTests */,
				FBABBF2D1E7E70F100475F1E /* Products */,
			);
			sourceTree = "<group>";
		};
		FBABBF2D1E7E70F100475F1E /* Products */ = {
			isa = PBXGroup;
			children = (
				FBABBF2C1E7E70F100475F1E /* Map.app */,
				FBABBF431E7E70F200475F1E /* MapTests.xctest */,
			);
			name = Products;
			sourceTree = "<group>";
		};
		FBABBF2E1E7E70F100475F1E /* Map */ = {
			isa = PBXGroup;
			children = (
				FBABBF2F1E7E70F100475F1E /* AppDelegate.swift */,
				FBABBF311E7E70F100475F1E /* ViewController.swift */,
				FBABBF331E7E70F100475F1E /* Main.storyboard */,
				FBABBF391E7E70F200475F1E /* Assets.xcassets */,
				FBABBF3B1E7E70F200475F1E /* LaunchScreen.storyboard */,
				FBABBF3E1E7E70F200475F1E /* Info.plist */,
				FBABBF361E7E70F200475F1E /* Map.xcdatamodeld */,
			);
			path = Map;
			sourceTree = "<group>";
		};
		FBABBF461E7E70F200475F1E /* MapTests */ = {
			isa = PBXGroup;
			children = (
				FBABBF471E7E70F200475F1E /* MapTests.swift */,
				FBABBF491E7E70F200475F1E /* Info.plist */,
			);
			path = MapTests;
			sourceTree = "<group>";
		};
/* End PBXGroup section */

/* Begin PBXNativeTarget section */
		FBABBF2B1E7E70F100475F1E /* Map */ = {
			isa = PBXNativeTarget;
			buildConfigurationList = FBABBF4C1E7E70F200475F1E /* Build configuration list for PBXNativeTarget "Map" */;
			buildPhases = (
				FBABBF281E7E70F100475F1E /* Sources */,
				FBABBF291E7E70F100475F1E /* Frameworks */,
				FBABBF2A1E7E70F100475F1E /* Resources */,
			);
			buildRules = (
			);
			dependencies = (
			);
			name = Map;
			productName = Map;
			productReference = FBABBF2C1E7E70F100475F1E /* Map.app */;
			productType = "com.apple.product-type.application";
		};
		FBABBF421E7E70F200475F1E /* MapTests */ = {
			isa = PBXNativeTarget;
			buildConfigurationList = FBABBF4F1E7E70F200475F1E /* Build configuration list for PBXNativeTarget "MapTests" */;
			buildPhases = (
				FBABBF3F1E7E70F200475F1E /* Sources */,
				FBABBF401E7E70F200475F1E /* Frameworks */,
				FBABBF411E7E70F200475F1E /* Resources */,
			);
			buildRules = (
			);
			dependencies = (
				FBABBF451E7E70F200475F1E /* PBXTargetDependency */,
			);
			name = MapTests;
			productName = MapTests;
			productReference = FBABBF431E7E70F200475F1E /* MapTests.xctest */;
			productType = "com.apple.product-type.bundle.unit-test";
		};
/* End PBXNativeTarget section */

/* Begin PBXProject section */
		FBABBF241E7E70F100475F1E /* Project object */ = {
			isa = PBXProject;
			attributes = {
				LastSwiftUpdateCheck = 0820;
				LastUpgradeCheck = 0820;
				ORGANIZATIONNAME = "Apple Inc.";
				TargetAttributes = {
					FBABBF2B1E7E70F100475F1E = {
						CreatedOnToolsVersion = 8.2.1;
						ProvisioningStyle = Automatic;
					};
					FBABBF421E7E70F200475F1E = {
						CreatedOnToolsVersion = 8.2.1;
						ProvisioningStyle = Automatic;
						TestTargetID = FBABBF2B1E7E70F100475F1E;
					};
				};
			};
			buildConfigurationList = FBABBF271E7E70F100475F1E /* Build configuration list for PBXProject "Map" */;
			compatibilityVersion = "Xcode 3.2";
			developmentRegion = English;
			hasScannedForEncodings = 0;
			knownRegions = (
				en,
				Base,
			);
			mainGroup = FBABBF231E7E70F100475F1E;
			productRefGroup = FBABBF2D1E7E70F100475F1E /* Products */;
			projectDirPath = "";
			projectRoot = "";
			targets = (
				FBABBF2B1E7E70F100475F1E /* Map */,
				FBABBF421E7E70F200475F1E /* MapTests */,
			);
		};
/* End PBXProject section */

/* Begin PBXResourcesBuildPhase section */
		FBABBF2A1E7E70F100475F1E /* Resources */ = {
			isa = PBXResourcesBuildPhase;
			buildActionMask = 2147483647;
			files = (
				FBABBF3D1E7E70F200475F1E /* LaunchScreen.storyboard in Resources */,
				FBABBF3A1E7E70F200475F1E /* Assets.xcassets in Resources */,
				FBABBF351E7E70F100475F1E /* Main.storyboard in Resources */,
			);
			runOnlyForDeploymentPostprocessing = 0;
		};
		FBABBF411E7E70F200475F1E /* Resources */ = {
			isa = PBXResourcesBuildPhase;
			buildActionMask = 2147483647;
			files = (
			);
			runOnlyForDeploymentPostprocessing = 0;
		};
/* End PBXResourcesBuildPhase section */

/* Begin PBXSourcesBuildPhase section */
		FBABBF281E7E70F100475F1E /* Sources */ = {
			isa = PBXSourcesBuildPhase;
			buildActionMask = 2147483647;
			files = (
				FBABBF321E7E70F100475F1E /* ViewController.swift in Sources */,
				FBABBF301E7E70F100475F1E /* AppDelegate.swift in Sources */,
				FBABBF381E7E70F200475F1E /* Map.xcdatamodeld in Sources */,
			);
			runOnlyForDeploymentPostprocessing = 0;
		};
		FBABBF3F1E7E70F200475F1E /* Sources */ = {
			isa = PBXSourcesBuildPhase;
			buildActionMask = 2147483647;
			files = (
				FBABBF481E7E70F200475F1E /* MapTests.swift in Sources */,
			);
			runOnlyForDeploymentPostprocessing = 0;
		};
/* End PBXSourcesBuildPhase section */

/* Begin PBXTargetDependency section */
		FBABBF451E7E70F200475F1E /* PBXTargetDependency */ = {
			isa = PBXTargetDependency;
			target = FBABBF2B1E7E70F100475F1E /* Map */;
			targetProxy = FBABBF441E7E70F200475F1E /* PBXContainerItemProxy */;
		};
/* End PBXTargetDependency section */

/* Begin PBXVariantGroup section */
		FBABBF331E7E70F100475F1E /* Main.storyboard */ = {
			isa = PBXVariantGroup;
			children = (
				FBABBF341E7E70F100475F1E /* Base */,
			);
			name = Main.storyboard;
			sourceTree = "<group>";
		};
		FBABBF3B1E7E70F200475F1E /* LaunchScreen.storyboard */ = {
			isa = PBXVariantGroup;
			children = (
				FBABBF3C1E7E70F200475F1E /* Base */,
			);
			name = LaunchScreen.storyboard;
			sourceTree = "<group>";
		};
/* End PBXVariantGroup section */

/* Begin XCBuildConfiguration section */
		FBABBF4A1E7E70F200475F1E /* Debug */ = {
			isa = XCBuildConfiguration;
			buildSettings = {
				ALWAYS_SEARCH_USER_PATHS = NO;
				CLANG_ANALYZER_NONNULL = YES;
				CLANG_CXX_LANGUAGE_STANDARD = "gnu++0x";
				CLANG_CXX_LIBRARY = "libc++";
				CLANG_ENABLE_MODULES = YES;
				CLANG_ENABLE_OBJC_ARC = YES;
				CLANG_WARN_BOOL_CONVERSION = YES;
				CLANG_WARN_CONSTANT_CONVERSION = YES;
				CLANG_WARN_DIRECT_OBJC_ISA_USAGE = YES_ERROR;
				CLANG_WARN_DOCUMENTATION_COMMENTS = YES;
				CLANG_WARN_EMPTY_BODY = YES;
				CLANG_WARN_ENUM_CONVERSION = YES;
				CLANG_WARN_INFINITE_RECURSION = YES;
				CLANG_WARN_INT_CONVERSION = YES;
				CLANG_WARN_OBJC_ROOT_CLASS = YES_ERROR;
				CLANG_WARN_SUSPICIOUS_MOVE = YES;
				CLANG_WARN_UNREACHABLE_CODE = YES;
				CLANG_WARN__DUPLICATE_METHOD_MATCH = YES;
				"CODE_SIGN_IDENTITY[sdk=iphoneos*]" = "iPhone Developer";
				COPY_PHASE_STRIP = NO;
				DEBUG_INFORMATION_FORMAT = dwarf;
				ENABLE_STRICT_OBJC_MSGSEND = YES;
				ENABLE_TESTABILITY = YES;
				GCC_C_LANGUAGE_STANDARD = gnu99;
				GCC_DYNAMIC_NO_PIC = NO;
				GCC_NO_COMMON_BLOCKS = YES;
				GCC_OPTIMIZATION_LEVEL = 0;
				GCC_PREPROCESSOR_DEFINITIONS = (
					"DEBUG=1",
					"$(inherited)",
				);
				GCC_WARN_64_TO_32_BIT_CONVERSION = YES;
				GCC_WARN_ABOUT_RETURN_TYPE = YES_ERROR;
				GCC_WARN_UNDECLARED_SELECTOR = YES;
				GCC_WARN_UNINITIALIZED_AUTOS = YES_AGGRESSIVE;
				GCC_WARN_UNUSED_FUNCTION = YES;
				GCC_WARN_UNUSED_VARIABLE = YES;
				IPHONEOS_DEPLOYMENT_TARGET = 10.2;
				MTL_ENABLE_DEBUG_INFO = YES;
				ONLY_ACTIVE_ARCH = YES;
				SDKROOT = iphoneos;
				SWIFT_ACTIVE_COMPILATION_CONDITIONS = DEBUG;
				SWIFT_OPTIMIZATION_LEVEL = "-Onone";
				TARGETED_DEVICE_FAMILY = "1,2";
			};
			name = Debug;
		};
		FBABBF4B1E7E70F200475F1E /* Release */ = {
			isa = XCBuildConfiguration;
			buildSettings = {
				ALWAYS_SEARCH_USER_PATHS = NO;
				CLANG_ANALYZER_NONNULL = YES;
				CLANG_CXX_LANGUAGE_STANDARD = "gnu++0x";
				CLANG_CXX_LIBRARY = "libc++";
				CLANG_ENABLE_MODULES = YES;
				CLANG_ENABLE_OBJC_ARC = YES;
				CLANG_WARN_BOOL_CONVERSION = YES;
				CLANG_WARN_CONSTANT_CONVERSION = YES;
				CLANG_WARN_DIRECT_OBJC_ISA_USAGE = YES_ERROR;
				CLANG_WARN_DOCUMENTATION_COMMENTS = YES;
				CLANG_WARN_EMPTY_BODY = YES;
				CLANG_WARN_ENUM_CONVERSION = YES;
				CLANG_WARN_INFINITE_RECURSION = YES;
				CLANG_WARN_INT_CONVERSION = YES;
				CLANG_WARN_OBJC_ROOT_CLASS = YES_ERROR;
				CLANG_WARN_SUSPICIOUS_MOVE = YES;
				CLANG_WARN_UNREACHABLE_CODE = YES;
				CLANG_WARN__DUPLICATE_METHOD_MATCH = YES;
				"CODE_SIGN_IDENTITY[sdk=iphoneos*]" = "iPhone Developer";
				COPY_PHASE_STRIP = NO;
				DEBUG_INFORMATION_FORMAT = "dwarf-with-dsym";
				ENABLE_NS_ASSERTIONS = NO;
				ENABLE_STRICT_OBJC_MSGSEND = YES;
				GCC_C_LANGUAGE_STANDARD = gnu99;
				GCC_NO_COMMON_BLOCKS = YES;
				GCC_WARN_64_TO_32_BIT_CONVERSION = YES;
				GCC_WARN_ABOUT_RETURN_TYPE = YES_ERROR;
				GCC_WARN_UNDECLARED_SELECTOR = YES;
				GCC_WARN_UNINITIALIZED_AUTOS = YES_AGGRESSIVE;
				GCC_WARN_UNUSED_FUNCTION = YES;
				GCC_WARN_UNUSED_VARIABLE = YES;
				IPHONEOS_DEPLOYMENT_TARGET = 10.2;
				MTL_ENABLE_DEBUG_INFO = NO;
				SDKROOT = iphoneos;
				SWIFT_OPTIMIZATION_LEVEL = "-Owholemodule";
				TARGETED_DEVICE_FAMILY = "1,2";
				VALIDATE_PRODUCT = YES;
			};
			name = Release;
		};
		FBABBF4D1E7E70F200475F1E /* Debug */ = {
			isa = XCBuildConfiguration;
			buildSettings = {
				ASSETCATALOG_COMPILER_APPICON_NAME = AppIcon;
				INFOPLIST_FILE = Map/Info.plist;
				LD_RUNPATH_SEARCH_PATHS = "$(inherited) @executable_path/Frameworks";
				PRODUCT_BUNDLE_IDENTIFIER = com.example.Map;
				PRODUCT_NAME = "$(TARGET_NAME)";
				SWIFT_VERSION = 3.0;
			};
			name = Debug;
		};
		FBABBF4E1E7E70F200475F1E /* Release */ = {
			isa = XCBuildConfiguration;
			buildSettings = {
				ASSETCATALOG_COMPILER_APPICON_NAME = AppIcon;
				INFOPLIST_FILE = Map/Info.plist;
				LD_RUNPATH_SEARCH_PATHS = "$(inherited) @executable_path/Frameworks";
				PRODUCT_BUNDLE_IDENTIFIER = com.example.Map;
				PRODUCT_NAME = "$(TARGET_NAME)";
				SWIFT_VERSION = 3.0;
			};
			name = Release;
		};
		FBABBF501E7E70F200475F1E /* Debug */ = {
			isa = XCBuildConfiguration;
			buildSettings = {
				ALWAYS_EMBED_SWIFT_STANDARD_LIBRARIES = YES;
				BUNDLE_LOADER = "$(TEST_HOST)";
				INFOPLIST_FILE = MapTests/Info.plist;
				LD_RUNPATH_SEARCH_PATHS = "$(inherited) @executable_path/Frameworks @loader_path/Frameworks";
				PRODUCT_BUNDLE_IDENTIFIER = com.example.MapTests;
				PRODUCT_NAME = "$(TARGET_NAME)";
				SWIFT_VERSION = 3.0;
				TEST_HOST = "$(BUILT_PRODUCTS_DIR)/Map.app/Map";
			};
			name = Debug;
		};
		FBABBF511E7E70F200475F1E /* Release */ = {
			isa = XCBuildConfiguration;
			buildSettings = {
				ALWAYS_EMBED_SWIFT_STANDARD_LIBRARIES = YES;
				BUNDLE_LOADER = "$(TEST_HOST)";
				INFOPLIST_FILE = MapTests/Info.plist;
				LD_RUNPATH_SEARCH_PATHS = "$(inherited) @executable_path/Frameworks @loader_path/Frameworks";
				PRODUCT_BUNDLE_IDENTIFIER = com.example.MapTests;
				PRODUCT_NAME = "$(TARGET_NAME)";
				SWIFT_VERSION = 3.0;
				TEST_HOST = "$(BUILT_PRODUCTS_DIR)/Map.app/Map";
			};
			name = Release;
		};
/* End XCBuildConfiguration section */

/* Begin XCConfigurationList section */
		FBABBF271E7E70F100475F1E /* Build configuration list for PBXProject "Map" */ = {
			isa = XCConfigurationList;
			buildConfigurations = (
				FBABBF4A1E7E70F200475F1E /* Debug */,
				FBABBF4B1E7E70F200475F1E /* Release */,
			);
			defaultConfigurationIsVisible = 0;
			defaultConfigurationName = Release;
		};
		FBABBF4C1E7E70F200475F1E /* Build configuration list for PBXNativeTarget "Map" */ = {
			isa = XCConfigurationList;
			buildConfigurations = (
				FBABBF4D1E7E70F200475F1E /* Debug */,
				FBABBF4E1E7E70F200475F1E /* Release */,
			);
			defaultConfigurationIsVisible = 0;
		};
		FBABBF4F1E7E70F200475F1E /* Build configuration list for PBXNativeTarget "MapTests" */ = {
			isa = XCConfigurationList;
			buildConfigurations = (
				FBABBF501E7E70F200475F1E /* Debug */,
				FBABBF511E7E70F200475F1E /* Release */,
			);
			defaultConfigurationIsVisible = 0;
		};
/* End XCConfigurationList section */

/* Begin XCVersionGroup section */
		FBABBF361E7E70F200475F1E /* Map.xcdatamodeld */ = {
			isa = XCVersionGroup;
			children = (
				FBABBF371E7E70F200475F1E /* Map.xcdatamodel */,
			);
			currentVersion = FBABBF371E7E70F200475F1E /* Map.xcdatamodel */;
			path = Map.xcdatamodeld;
			sourceTree = "<group>";
			versionGroupType = wrapper.xcdatamodel;
		};
/* End XCVersionGroup section */
	};
	rootObject = FBABBF241E7E70F100475F1E /* Project object */;
}
